
Microsoft Visual Studio Solution File, Format Version 11.00
# Visual Studio 2010
Project("{FAE04EC0-301F-11D3-BF4B-00C04F79EFBC}") = "animalDragandDrop - Copy", "Assembly-CSharp.csproj", "{D22E6429-F20C-8755-B7B3-12BB98796180}"
EndProject
Project("{FAE04EC0-301F-11D3-BF4B-00C04F79EFBC}") = "animalDragandDrop - Copy", "Assembly-CSharp-Editor.csproj", "{A2064C9B-8F8E-8169-F907-39A0256D21A9}"
EndProject
Global
	GlobalSection(SolutionConfigurationPlatforms) = preSolution
		Debug|Any CPU = Debug|Any CPU
		Release|Any CPU = Release|Any CPU
	EndGlobalSection
	GlobalSection(ProjectConfigurationPlatforms) = postSolution
		{D22E6429-F20C-8755-B7B3-12BB98796180}.Debug|Any CPU.ActiveCfg = Debug|Any CPU
		{D22E6429-F20C-8755-B7B3-12BB98796180}.Debug|Any CPU.Build.0 = Debug|Any CPU
		{D22E6429-F20C-8755-B7B3-12BB98796180}.Release|Any CPU.ActiveCfg = Release|Any CPU
		{D22E6429-F20C-8755-B7B3-12BB98796180}.Release|Any CPU.Build.0 = Release|Any CPU
		{A2064C9B-8F8E-8169-F907-39A0256D21A9}.Debug|Any CPU.ActiveCfg = Debug|Any CPU
		{A2064C9B-8F8E-8169-F907-39A0256D21A9}.Debug|Any CPU.Build.0 = Debug|Any CPU
		{A2064C9B-8F8E-8169-F907-39A0256D21A9}.Release|Any CPU.ActiveCfg = Release|Any CPU
		{A2064C9B-8F8E-8169-F907-39A0256D21A9}.Release|Any CPU.Build.0 = Release|Any CPU
	EndGlobalSection
	GlobalSection(SolutionProperties) = preSolution
		HideSolutionNode = FALSE
	EndGlobalSection
	GlobalSection(MonoDevelopProperties) = preSolution
		StartupItem = Assembly-CSharp.csproj
	EndGlobalSection
EndGlobal
